Microsoft Visual Studio Solution File, Format Version 11.00
# Visual Studio 2008

Project("{C61EB5E2-FFBF-334B-99CF-3576C00EC1A4}") = "Zombie Toys", "Assembly-CSharp.csproj", "{23E9D55F-2C52-2B4D-38D5-424C38F6E43E}"
EndProject
Project("{C61EB5E2-FFBF-334B-99CF-3576C00EC1A4}") = "Zombie Toys", "Assembly-CSharp-Editor.csproj", "{D1540F86-9310-9C82-02CD-8326BC3A873A}"
EndProject
Project("{C61EB5E2-FFBF-334B-99CF-3576C00EC1A4}") = "Zombie Toys", "Assembly-UnityScript.unityproj", "{5EB48F87-B7C7-4046-B9A2-5A7B9A2154B5}"
EndProject
Project("{C61EB5E2-FFBF-334B-99CF-3576C00EC1A4}") = "Zombie Toys", "Assembly-UnityScript-Editor.unityproj", "{6B9CD630-96B2-8C88-899C-43FA9919F65C}"
EndProject
Global
	GlobalSection(SolutionConfigurationPlatforms) = preSolution
		Debug|Any CPU = Debug|Any CPU
		Release|Any CPU = Release|Any CPU
	EndGlobalSection
	GlobalSection(ProjectConfigurationPlatforms) = postSolution
		{23E9D55F-2C52-2B4D-38D5-424C38F6E43E}.Debug|Any CPU.ActiveCfg = Debug|Any CPU
		{23E9D55F-2C52-2B4D-38D5-424C38F6E43E}.Debug|Any CPU.Build.0 = Debug|Any CPU
		{23E9D55F-2C52-2B4D-38D5-424C38F6E43E}.Release|Any CPU.ActiveCfg = Release|Any CPU
		{23E9D55F-2C52-2B4D-38D5-424C38F6E43E}.Release|Any CPU.Build.0 = Release|Any CPU
		{D1540F86-9310-9C82-02CD-8326BC3A873A}.Debug|Any CPU.ActiveCfg = Debug|Any CPU
		{D1540F86-9310-9C82-02CD-8326BC3A873A}.Debug|Any CPU.Build.0 = Debug|Any CPU
		{D1540F86-9310-9C82-02CD-8326BC3A873A}.Release|Any CPU.ActiveCfg = Release|Any CPU
		{D1540F86-9310-9C82-02CD-8326BC3A873A}.Release|Any CPU.Build.0 = Release|Any CPU
		{5EB48F87-B7C7-4046-B9A2-5A7B9A2154B5}.Debug|Any CPU.ActiveCfg = Debug|Any CPU
		{5EB48F87-B7C7-4046-B9A2-5A7B9A2154B5}.Debug|Any CPU.Build.0 = Debug|Any CPU
		{5EB48F87-B7C7-4046-B9A2-5A7B9A2154B5}.Release|Any CPU.ActiveCfg = Release|Any CPU
		{5EB48F87-B7C7-4046-B9A2-5A7B9A2154B5}.Release|Any CPU.Build.0 = Release|Any CPU
		{6B9CD630-96B2-8C88-899C-43FA9919F65C}.Debug|Any CPU.ActiveCfg = Debug|Any CPU
		{6B9CD630-96B2-8C88-899C-43FA9919F65C}.Debug|Any CPU.Build.0 = Debug|Any CPU
		{6B9CD630-96B2-8C88-899C-43FA9919F65C}.Release|Any CPU.ActiveCfg = Release|Any CPU
		{6B9CD630-96B2-8C88-899C-43FA9919F65C}.Release|Any CPU.Build.0 = Release|Any CPU
	EndGlobalSection
	GlobalSection(SolutionProperties) = preSolution
		HideSolutionNode = FALSE
	EndGlobalSection
		GlobalSection(MonoDevelopProperties) = preSolution
		StartupItem = Assembly-CSharp.csproj
		Policies = $0
		$0.TextStylePolicy = $1
		$1.inheritsSet = null
		$1.scope = text/x-csharp
		$0.CSharpFormattingPolicy = $2
		$2.inheritsSet = Mono
		$2.inheritsScope = text/x-csharp
		$2.scope = text/x-csharp
		$0.TextStylePolicy = $3
		$3.FileWidth = 120
		$3.TabWidth = 4
		$3.IndentWidth = 4
		$3.EolMarker = Unix
		$3.inheritsSet = Mono
		$3.inheritsScope = text/plain
		$3.scope = text/plain
	EndGlobalSection

EndGlobal
